
Microsoft Visual Studio Solution File, Format Version 12.00
# Visual Studio Version 17
VisualStudioVersion = 17.1.32421.90
MinimumVisualStudioVersion = 10.0.40219.1
Project("{8BC9CEB8-8B4A-11D0-8D11-00A0C91BC942}") = "maman11", "maman11\maman11.vcxproj", "{3C56BCA5-AA75-45D8-A2C1-C2675E53765F}"
EndProject
Global
	GlobalSection(SolutionConfigurationPlatforms) = preSolution
		Debug|x64 = Debug|x64
		Debug|x86 = Debug|x86
		Release|x64 = Release|x64
		Release|x86 = Release|x86
	EndGlobalSection
	GlobalSection(ProjectConfigurationPlatforms) = postSolution
		{3C56BCA5-AA75-45D8-A2C1-C2675E53765F}.Debug|x64.ActiveCfg = Debug|x64
		{3C56BCA5-AA75-45D8-A2C1-C2675E53765F}.Debug|x64.Build.0 = Debug|x64
		{3C56BCA5-AA75-45D8-A2C1-C2675E53765F}.Debug|x86.ActiveCfg = Debug|Win32
		{3C56BCA5-AA75-45D8-A2C1-C2675E53765F}.Debug|x86.Build.0 = Debug|Win32
		{3C56BCA5-AA75-45D8-A2C1-C2675E53765F}.Release|x64.ActiveCfg = Release|x64
		{3C56BCA5-AA75-45D8-A2C1-C2675E53765F}.Release|x64.Build.0 = Release|x64
		{3C56BCA5-AA75-45D8-A2C1-C2675E53765F}.Release|x86.ActiveCfg = Release|Win32
		{3C56BCA5-AA75-45D8-A2C1-C2675E53765F}.Release|x86.Build.0 = Release|Win32
	EndGlobalSection
	GlobalSection(SolutionProperties) = preSolution
		HideSolutionNode = FALSE
	EndGlobalSection
	GlobalSection(ExtensibilityGlobals) = postSolution
		SolutionGuid = {5524BBF1-4D63-4216-BBC6-53C3805DC9D1}
	EndGlobalSection
EndGlobal
